
Microsoft Visual Studio Solution File, Format Version 12.00
# Visual Studio Version 16
VisualStudioVersion = 16.0.30204.135
MinimumVisualStudioVersion = 10.0.40219.1
Project("{FAE04EC0-301F-11D3-BF4B-00C04F79EFBC}") = "SeleniumAutomation", "SeleniumAutomation.csproj", "{6962F41F-3889-42D9-944F-AE515202A0FD}"
EndProject
Global
	GlobalSection(SolutionConfigurationPlatforms) = preSolution
		Debug|Any CPU = Debug|Any CPU
		Release|Any CPU = Release|Any CPU
	EndGlobalSection
	GlobalSection(ProjectConfigurationPlatforms) = postSolution
		{6962F41F-3889-42D9-944F-AE515202A0FD}.Debug|Any CPU.ActiveCfg = Debug|Any CPU
		{6962F41F-3889-42D9-944F-AE515202A0FD}.Debug|Any CPU.Build.0 = Debug|Any CPU
		{6962F41F-3889-42D9-944F-AE515202A0FD}.Release|Any CPU.ActiveCfg = Release|Any CPU
		{6962F41F-3889-42D9-944F-AE515202A0FD}.Release|Any CPU.Build.0 = Release|Any CPU
	EndGlobalSection
	GlobalSection(SolutionProperties) = preSolution
		HideSolutionNode = FALSE
	EndGlobalSection
	GlobalSection(ExtensibilityGlobals) = postSolution
		SolutionGuid = {4F88B9CC-1258-4475-B66A-87A1D7CBAF2A}
	EndGlobalSection
EndGlobal
